<?xml version="1.0" encoding="utf-8"?>
<Project ToolsVersion="4.0" xmlns="http://schemas.microsoft.com/developer/msbuild/2003">
  <ItemGroup>
    <Filter Include="Source Files">
      <UniqueIdentifier>{4FC737F1-C7A5-4376-A066-2A32D752A2FF}</UniqueIdentifier>
      <Extensions>cpp;c;cc;cxx;def;odl;idl;hpj;bat;asm;asmx</Extensions>
    </Filter>
    <Filter Include="Header Files">
      <UniqueIdentifier>{93995380-89BD-4b04-88EB-625FBE52EBFB}</UniqueIdentifier>
      <Extensions>h;hh;hpp;hxx;hm;inl;inc;ipp;xsd</Extensions>
    </Filter>
    <Filter Include="Resource Files">
      <UniqueIdentifier>{67DA6AB6-F800-4c08-8B7A-83BB121AAD01}</UniqueIdentifier>
      <Extensions>rc;ico;cur;bmp;dlg;rc2;rct;bin;rgs;gif;jpg;jpeg;jpe;resx;tiff;tif;png;wav;mfcribbon-ms</Extensions>
    </Filter>
    <Filter Include="BindingCode">
      <UniqueIdentifier>{42f6c516-190c-4f4f-89c9-36458748c539}</UniqueIdentifier>
    </Filter>
  </ItemGroup>
  <ItemGroup>
    <ClInclude Include="src\pch.h">
      <Filter>Header Files</Filter>
    </ClInclude>
    <ClInclude Include="src\PythonPlugin.h">
      <Filter>Header Files</Filter>
    </ClInclude>
    <ClInclude Include="src\pyWrappers\pyWrappers.h">
      <Filter>Header Files</Filter>
    </ClInclude>
    <ClInclude Include="bakke_bindings\pybakke.h">
      <Filter>Header Files</Filter>
    </ClInclude>
  </ItemGroup>
  <ItemGroup>
    <ClCompile Include="src\pch.cpp">
      <Filter>Source Files</Filter>
    </ClCompile>
    <ClCompile Include="src\PythonPlugin.cpp">
      <Filter>Source Files</Filter>
    </ClCompile>
    <ClCompile Include="src\bakke_bindings\**\*.cpp">
      <Filter>Source Files</Filter>
    </ClCompile>
    <ClCompile Include="src\bakke_bindings\**\*.cpp">
      <Filter>Source Files</Filter>
    </ClCompile>
    <ClCompile Include="src\bakke_bindings\**\*.cpp">
      <Filter>Source Files</Filter>
    </ClCompile>
    <ClCompile Include="src\bakke_bindings\**\*.cpp">
      <Filter>Source Files</Filter>
    </ClCompile>
    <ClCompile Include="src\bakke_bindings\**\*.cpp">
      <Filter>Source Files</Filter>
    </ClCompile>
    <ClCompile Include="src\bakke_bindings\**\*.cpp">
      <Filter>Source Files</Filter>
    </ClCompile>
    <ClCompile Include="src\bakke_bindings\**\*.cpp">
      <Filter>Source Files</Filter>
    </ClCompile>
    <ClCompile Include="src\bakke_bindings\**\*.cpp">
      <Filter>Source Files</Filter>
    </ClCompile>
    <ClCompile Include="src\bakke_bindings\**\*.cpp">
      <Filter>Source Files</Filter>
    </ClCompile>
    <ClCompile Include="src\bakke_bindings\**\*.cpp">
      <Filter>Source Files</Filter>
    </ClCompile>
    <ClCompile Include="src\bakke_bindings\**\*.cpp">
      <Filter>Source Files</Filter>
    </ClCompile>
    <ClCompile Include="src\bakke_bindings\**\*.cpp">
      <Filter>Source Files</Filter>
    </ClCompile>
    <ClCompile Include="src\bakke_bindings\**\*.cpp">
      <Filter>Source Files</Filter>
    </ClCompile>
    <ClCompile Include="src\bakke_bindings\**\*.cpp">
      <Filter>Source Files</Filter>
    </ClCompile>
    <ClCompile Include="src\bakke_bindings\**\*.cpp">
      <Filter>Source Files</Filter>
    </ClCompile>
    <ClCompile Include="src\bakke_bindings\**\*.cpp">
      <Filter>Source Files</Filter>
    </ClCompile>
    <ClCompile Include="src\bakke_bindings\**\*.cpp">
      <Filter>Source Files</Filter>
    </ClCompile>
    <ClCompile Include="src\bakke_bindings\**\*.cpp">
      <Filter>Source Files</Filter>
    </ClCompile>
    <ClCompile Include="src\bakke_bindings\**\*.cpp">
      <Filter>Source Files</Filter>
    </ClCompile>
    <ClCompile Include="src\bakke_bindings\**\*.cpp">
      <Filter>Source Files</Filter>
    </ClCompile>
    <ClCompile Include="src\bakke_bindings\**\*.cpp">
      <Filter>Source Files</Filter>
    </ClCompile>
    <ClCompile Include="src\bakke_bindings\**\*.cpp">
      <Filter>Source Files</Filter>
    </ClCompile>
    <ClCompile Include="src\bakke_bindings\**\*.cpp">
      <Filter>Source Files</Filter>
    </ClCompile>
    <ClCompile Include="src\bakke_bindings\**\*.cpp">
      <Filter>Source Files</Filter>
    </ClCompile>
    <ClCompile Include="src\bakke_bindings\**\*.cpp">
      <Filter>Source Files</Filter>
    </ClCompile>
    <ClCompile Include="src\bakke_bindings\**\*.cpp">
      <Filter>Source Files</Filter>
    </ClCompile>
    <ClCompile Include="src\bakke_bindings\**\*.cpp">
      <Filter>Source Files</Filter>
    </ClCompile>
    <ClCompile Include="src\bakke_bindings\**\*.cpp">
      <Filter>Source Files</Filter>
    </ClCompile>
    <ClCompile Include="src\bakke_bindings\**\*.cpp">
      <Filter>Source Files</Filter>
    </ClCompile>
    <ClCompile Include="src\bakke_bindings\**\*.cpp">
      <Filter>Source Files</Filter>
    </ClCompile>
    <ClCompile Include="bakke_bindings\bakkesmod\wrappers\Engine\UnrealStringWrapper.cpp">
      <Filter>Source Files</Filter>
    </ClCompile>
    <ClCompile Include="bakke_bindings\bakkesmod\wrappers\GameEvent\GameEditorWrapper.cpp">
      <Filter>Source Files</Filter>
    </ClCompile>
    <ClCompile Include="bakke_bindings\bakkesmod\wrappers\GameEvent\ReplayDirectorWrapper.cpp">
      <Filter>Source Files</Filter>
    </ClCompile>
    <ClCompile Include="bakke_bindings\bakkesmod\wrappers\GameEvent\TutorialWrapper.cpp">
      <Filter>Source Files</Filter>
    </ClCompile>
    <ClCompile Include="bakke_bindings\bakkesmod\wrappers\GameObject\CarComponent\DodgeComponentWrapper.cpp">
      <Filter>Source Files</Filter>
    </ClCompile>
    <ClCompile Include="bakke_bindings\bakkesmod\wrappers\GameObject\CarComponent\PrimitiveComponentWrapper.cpp">
      <Filter>Source Files</Filter>
    </ClCompile>
    <ClCompile Include="bakke_bindings\bakkesmod\wrappers\GameObject\CarComponent\VehicleSimWrapper.cpp">
      <Filter>Source Files</Filter>
    </ClCompile>
    <ClCompile Include="bakke_bindings\bakkesmod\wrappers\GameObject\PerformanceStats\PerfStatGraphWrapper.cpp">
      <Filter>Source Files</Filter>
    </ClCompile>
    <ClCompile Include="bakke_bindings\bakkesmod\wrappers\GameObject\RumbleComponent\BallCarSpringPickup.cpp">
      <Filter>Source Files</Filter>
    </ClCompile>
    <ClCompile Include="bakke_bindings\bakkesmod\wrappers\GameObject\RumbleComponent\GravityPickup.cpp">
      <Filter>Source Files</Filter>
    </ClCompile>
    <ClCompile Include="bakke_bindings\bakkesmod\wrappers\GameObject\RumbleComponent\VelcroPickup.cpp">
      <Filter>Source Files</Filter>
    </ClCompile>
    <ClCompile Include="bakke_bindings\bakkesmod\wrappers\GameObject\BaseCameraWrapper.cpp">
      <Filter>Source Files</Filter>
    </ClCompile>
    <ClCompile Include="bakke_bindings\bakkesmod\wrappers\GameObject\CameraWrapper.cpp">
      <Filter>Source Files</Filter>
    </ClCompile>
    <ClCompile Include="bakke_bindings\bakkesmod\wrappers\arraywrapper.cpp">
      <Filter>Source Files</Filter>
    </ClCompile>
    <ClCompile Include="bakke_bindings\unknown\unknown.cpp">
      <Filter>Source Files</Filter>
    </ClCompile>
    <ClCompile Include="bakke_bindings\unknown\unknown_1.cpp">
      <Filter>Source Files</Filter>
    </ClCompile>
    <ClCompile Include="bakke_bindings\unknown\unknown_2.cpp">
      <Filter>Source Files</Filter>
    </ClCompile>
    <ClCompile Include="bakke_bindings\unknown\unknown_3.cpp">
      <Filter>Source Files</Filter>
    </ClCompile>
    <ClCompile Include="bakke_bindings\unknown\unknown_4.cpp">
      <Filter>Source Files</Filter>
    </ClCompile>
    <ClCompile Include="bakke_bindings\unknown\unknown_5.cpp">
      <Filter>Source Files</Filter>
    </ClCompile>
    <ClCompile Include="bakke_bindings\unknown\unknown_6.cpp">
      <Filter>Source Files</Filter>
    </ClCompile>
    <ClCompile Include="bakke_bindings\unknown\unknown_7.cpp">
      <Filter>Source Files</Filter>
    </ClCompile>
    <ClCompile Include="bakke_bindings\unknown\unknown_8.cpp">
      <Filter>Source Files</Filter>
    </ClCompile>
    <ClCompile Include="bakke_bindings\unknown\unknown_9.cpp">
      <Filter>Source Files</Filter>
    </ClCompile>
    <ClCompile Include="bakke_bindings\unknown\unknown_10.cpp">
      <Filter>Source Files</Filter>
    </ClCompile>
    <ClCompile Include="bakke_bindings\unknown\unknown_11.cpp">
      <Filter>Source Files</Filter>
    </ClCompile>
    <ClCompile Include="bakke_bindings\unknown\unknown_12.cpp">
      <Filter>Source Files</Filter>
    </ClCompile>
    <ClCompile Include="bakke_bindings\unknown\unknown_13.cpp">
      <Filter>Source Files</Filter>
    </ClCompile>
    <ClCompile Include="bakke_bindings\unknown\unknown_14.cpp">
      <Filter>Source Files</Filter>
    </ClCompile>
    <ClCompile Include="bakke_bindings\unknown\unknown_15.cpp">
      <Filter>Source Files</Filter>
    </ClCompile>
    <ClCompile Include="bakke_bindings\unknown\unknown_16.cpp">
      <Filter>Source Files</Filter>
    </ClCompile>
  </ItemGroup>
</Project>